
Microsoft Visual Studio Solution File, Format Version 12.00
# Visual Studio Version 16
VisualStudioVersion = 16.0.31727.386
MinimumVisualStudioVersion = 10.0.40219.1
Project("{FAE04EC0-301F-11D3-BF4B-00C04F79EFBC}") = "EFCoreDBFirstMastek", "EFCoreDBFirstMastek\EFCoreDBFirstMastek.csproj", "{8599D319-CEE8-4BA9-8A75-901FBFB1C192}"
EndProject
Global
	GlobalSection(SolutionConfigurationPlatforms) = preSolution
		Debug|Any CPU = Debug|Any CPU
		Release|Any CPU = Release|Any CPU
	EndGlobalSection
	GlobalSection(ProjectConfigurationPlatforms) = postSolution
		{8599D319-CEE8-4BA9-8A75-901FBFB1C192}.Debug|Any CPU.ActiveCfg = Debug|Any CPU
		{8599D319-CEE8-4BA9-8A75-901FBFB1C192}.Debug|Any CPU.Build.0 = Debug|Any CPU
		{8599D319-CEE8-4BA9-8A75-901FBFB1C192}.Release|Any CPU.ActiveCfg = Release|Any CPU
		{8599D319-CEE8-4BA9-8A75-901FBFB1C192}.Release|Any CPU.Build.0 = Release|Any CPU
	EndGlobalSection
	GlobalSection(SolutionProperties) = preSolution
		HideSolutionNode = FALSE
	EndGlobalSection
	GlobalSection(ExtensibilityGlobals) = postSolution
		SolutionGuid = {3B94A92E-04AF-44A4-A2AA-1B95CD3B4A11}
	EndGlobalSection
EndGlobal
